{
  "name": "@clawdbot/dingtalk",
  "version": "2026.1.27",
  "lockfileVersion": 3,
  "requires": true,
  "packages": {
    "": {
      "name": "@clawdbot/dingtalk",
      "version": "2026.1.27",
      "dependencies": {
        "dingtalk-stream": "^2.1.4",
        "zod": "^4.3.6"
      }
    },
    "../../node_modules/.pnpm/dingtalk-stream@2.1.4/node_modules/dingtalk-stream": {
      "version": "2.1.4",
      "license": "MIT",
      "dependencies": {
        "axios": "^1.4.0",
        "debug": "^4.3.4",
        "ws": "^8.13.0"
      },
      "devDependencies": {
        "@rollup/plugin-alias": "^5.0.0",
        "@rollup/plugin-commonjs": "^25.0.4",
        "@rollup/plugin-json": "^6.0.0",
        "@rollup/plugin-node-resolve": "^15.2.0",
        "@types/debug": "^4.1.8",
        "@types/node": ">=16",
        "@types/ws": "^8.5.5",
        "rimraf": "^5.0.1",
        "rollup": "^3.28.0",
        "rollup-plugin-dts": "^6.0.0",
        "rollup-plugin-esbuild": "^5.0.0",
        "ts-node": "^10.9.1",
        "typescript": "^5.1.6",
        "vite": "^4.4.9"
      }
    },
    "../../node_modules/.pnpm/zod@4.3.6/node_modules/zod": {
      "version": "4.3.6",
      "license": "MIT",
      "funding": {
        "url": "https://github.com/sponsors/colinhacks"
      }
    },
    "node_modules/dingtalk-stream": {
      "resolved": "../../node_modules/.pnpm/dingtalk-stream@2.1.4/node_modules/dingtalk-stream",
      "link": true
    },
    "node_modules/zod": {
      "resolved": "../../node_modules/.pnpm/zod@4.3.6/node_modules/zod",
      "link": true
    }
  }
}
