{
  "name": "@clawdbot/wecom",
  "version": "2026.1.27",
  "lockfileVersion": 3,
  "requires": true,
  "packages": {
    "": {
      "name": "@clawdbot/wecom",
      "version": "2026.1.27",
      "dependencies": {
        "zod": "^4.3.6"
      }
    },
    "../../node_modules/.pnpm/zod@4.3.6/node_modules/zod": {
      "version": "4.3.6",
      "license": "MIT",
      "funding": {
        "url": "https://github.com/sponsors/colinhacks"
      }
    },
    "node_modules/zod": {
      "resolved": "../../node_modules/.pnpm/zod@4.3.6/node_modules/zod",
      "link": true
    }
  }
}
